PODS:
  - SwiftyFileSystem (1.0.3):
    - SwiftyUTType (~> 1.0)
  - SwiftyUTType (1.0.3)

DEPENDENCIES:
  - SwiftyFileSystem (from `../`)

SPEC REPOS:
  trunk:
    - SwiftyUTType

EXTERNAL SOURCES:
  SwiftyFileSystem:
    :path: "../"

SPEC CHECKSUMS:
  SwiftyFileSystem: c08cb3671fc6616dba651387709aa7a14098c3d7
  SwiftyUTType: 865cf090ab1a58a0fe8c5e9cbbcf56749e67abdd

PODFILE CHECKSUM: b4f9296603360401b9383deae3ff309d3608fa80

COCOAPODS: 1.9.1
